
Microsoft Visual Studio Solution File, Format Version 12.00
# Visual Studio Version 17
VisualStudioVersion = 17.8.34525.116
MinimumVisualStudioVersion = 10.0.40219.1
Project("{FAE04EC0-301F-11D3-BF4B-00C04F79EFBC}") = "pr_2", "pr_2\pr_2.csproj", "{ADDBEF1E-E37E-457B-B35C-FEAAE9B7CD76}"
EndProject
Global
	GlobalSection(SolutionConfigurationPlatforms) = preSolution
		Debug|Any CPU = Debug|Any CPU
		Release|Any CPU = Release|Any CPU
	EndGlobalSection
	GlobalSection(ProjectConfigurationPlatforms) = postSolution
		{ADDBEF1E-E37E-457B-B35C-FEAAE9B7CD76}.Debug|Any CPU.ActiveCfg = Debug|Any CPU
		{ADDBEF1E-E37E-457B-B35C-FEAAE9B7CD76}.Debug|Any CPU.Build.0 = Debug|Any CPU
		{ADDBEF1E-E37E-457B-B35C-FEAAE9B7CD76}.Release|Any CPU.ActiveCfg = Release|Any CPU
		{ADDBEF1E-E37E-457B-B35C-FEAAE9B7CD76}.Release|Any CPU.Build.0 = Release|Any CPU
	EndGlobalSection
	GlobalSection(SolutionProperties) = preSolution
		HideSolutionNode = FALSE
	EndGlobalSection
	GlobalSection(ExtensibilityGlobals) = postSolution
		SolutionGuid = {EAEADC48-C1AE-4198-8B6A-9D9B3A607E10}
	EndGlobalSection
EndGlobal
